# THIS IS AN AUTOGENERATED FILE. DO NOT EDIT THIS FILE DIRECTLY.
# yarn lockfile v1


"@cspotcode/source-map-support@^0.8.0":
  version "0.8.1"
  resolved "https://registry.yarnpkg.com/@cspotcode/source-map-support/-/source-map-support-0.8.1.tgz#00629c35a688e05a88b1cda684fb9d5e73f000a1"
  integrity sha512-IchNf6dN4tHoMFIn/7OE8LWZ19Y6q/67Bmf6vnGREv8RSbBVb9LPJxEcnwrcwX6ixSvaiGoomAUvu4YSxXrVgw==
  dependencies:
    "@jridgewell/trace-mapping" "0.3.9"

"@jridgewell/resolve-uri@^3.0.3":
  version "3.1.2"
  resolved "https://registry.yarnpkg.com/@jridgewell/resolve-uri/-/resolve-uri-3.1.2.tgz#7a0ee601f60f99a20c7c7c5ff0c80388c1189bd6"
  integrity sha512-bRISgCIjP20/tbWSPWMEi54QVPRZExkuD9lJL+UIxUKtwVJA8wW1Trb1jMs1RFXo1CBTNZ/5hpC9QvmKWdopKw==

"@jridgewell/sourcemap-codec@^1.4.10":
  version "1.4.15"
  resolved "https://registry.yarnpkg.com/@jridgewell/sourcemap-codec/-/sourcemap-codec-1.4.15.tgz#d7c6e6755c78567a951e04ab52ef0fd26de59f32"
  integrity sha512-eF2rxCRulEKXHTRiDrDy6erMYWqNw4LPdQ8UQA4huuxaQsVeRPFl2oM8oDGxMFhJUWZf9McpLtJasDDZb/Bpeg==

"@jridgewell/trace-mapping@0.3.9":
  version "0.3.9"
  resolved "https://registry.yarnpkg.com/@jridgewell/trace-mapping/-/trace-mapping-0.3.9.tgz#6534fd5933a53ba7cbf3a17615e273a0d1273ff9"
  integrity sha512-3Belt6tdc8bPgAtbcmdtNJlirVoTmEb5e2gC94PnkwEW9jI6CAHUeoG85tjWP5WquqfavoMtMwiG4P926ZKKuQ==
  dependencies:
    "@jridgewell/resolve-uri" "^3.0.3"
    "@jridgewell/sourcemap-codec" "^1.4.10"

"@swc/core-darwin-arm64@1.4.12":
  version "1.4.12"
  resolved "https://registry.yarnpkg.com/@swc/core-darwin-arm64/-/core-darwin-arm64-1.4.12.tgz#4aa5080adaeea415dcdb6139415dabe1680933f3"
  integrity sha512-BZUUq91LGJsLI2BQrhYL3yARkcdN4TS3YGNS6aRYUtyeWrGCTKHL90erF2BMU2rEwZLLkOC/U899R4o4oiSHfA==

"@swc/core-darwin-x64@1.4.12":
  version "1.4.12"
  resolved "https://registry.yarnpkg.com/@swc/core-darwin-x64/-/core-darwin-x64-1.4.12.tgz#77a2125679948f320e6038b6d62a477a3fa0e37b"
  integrity sha512-Wkk8rq1RwCOgg5ybTlfVtOYXLZATZ+QjgiBNM7pIn03A5/zZicokNTYd8L26/mifly2e74Dz34tlIZBT4aTGDA==

"@swc/core-linux-arm-gnueabihf@1.4.12":
  version "1.4.12"
  resolved "https://registry.yarnpkg.com/@swc/core-linux-arm-gnueabihf/-/core-linux-arm-gnueabihf-1.4.12.tgz#f753e321ce75f18d7355f8d96398af2ae45a7528"
  integrity sha512-8jb/SN67oTQ5KSThWlKLchhU6xnlAlnmnLCCOKK1xGtFS6vD+By9uL+qeEY2krV98UCRTf68WSmC0SLZhVoz5A==

"@swc/core-linux-arm64-gnu@1.4.12":
  version "1.4.12"
  resolved "https://registry.yarnpkg.com/@swc/core-linux-arm64-gnu/-/core-linux-arm64-gnu-1.4.12.tgz#1c90b90a84036155459752d51291571b06d2d79c"
  integrity sha512-DhW47DQEZKCdSq92v5F03rqdpjRXdDMqxfu4uAlZ9Uo1wJEGvY23e1SNmhji2sVHsZbBjSvoXoBLk0v00nSG8w==

"@swc/core-linux-arm64-musl@1.4.12":
  version "1.4.12"
  resolved "https://registry.yarnpkg.com/@swc/core-linux-arm64-musl/-/core-linux-arm64-musl-1.4.12.tgz#847cf769ab3ac8fe6cf04d8562f0bfa8f08f7016"
  integrity sha512-PR57pT3TssnCRvdsaKNsxZy9N8rFg9AKA1U7W+LxbZ/7Z7PHc5PjxF0GgZpE/aLmU6xOn5VyQTlzjoamVkt05g==

"@swc/core-linux-x64-gnu@1.4.12":
  version "1.4.12"
  resolved "https://registry.yarnpkg.com/@swc/core-linux-x64-gnu/-/core-linux-x64-gnu-1.4.12.tgz#cf2f4bd510063829752b61ab718453027f66c0e9"
  integrity sha512-HLZIWNHWuFIlH+LEmXr1lBiwGQeCshKOGcqbJyz7xpqTh7m2IPAxPWEhr/qmMTMsjluGxeIsLrcsgreTyXtgNA==

"@swc/core-linux-x64-musl@1.4.12":
  version "1.4.12"
  resolved "https://registry.yarnpkg.com/@swc/core-linux-x64-musl/-/core-linux-x64-musl-1.4.12.tgz#88ac9534879d4a2dd9daf3c2381dd38f456628b0"
  integrity sha512-M5fBAtoOcpz2YQAFtNemrPod5BqmzAJc8pYtT3dVTn1MJllhmLHlphU8BQytvoGr1PHgJL8ZJBlBGdt70LQ7Mw==

"@swc/core-win32-arm64-msvc@1.4.12":
  version "1.4.12"
  resolved "https://registry.yarnpkg.com/@swc/core-win32-arm64-msvc/-/core-win32-arm64-msvc-1.4.12.tgz#6cb733748eaf6e3a11c38c43fa54ee316c779648"
  integrity sha512-K8LjjgZ7VQFtM+eXqjfAJ0z+TKVDng3r59QYn7CL6cyxZI2brLU3lNknZcUFSouZD+gsghZI/Zb8tQjVk7aKDQ==

"@swc/core-win32-ia32-msvc@1.4.12":
  version "1.4.12"
  resolved "https://registry.yarnpkg.com/@swc/core-win32-ia32-msvc/-/core-win32-ia32-msvc-1.4.12.tgz#85c86fd2c22e3868a07c7eac165be10abb7ef999"
  integrity sha512-hflO5LCxozngoOmiQbDPyvt6ODc5Cu9AwTJP9uH/BSMPdEQ6PCnefuUOJLAKew2q9o+NmDORuJk+vgqQz9Uzpg==

"@swc/core-win32-x64-msvc@1.4.12":
  version "1.4.12"
  resolved "https://registry.yarnpkg.com/@swc/core-win32-x64-msvc/-/core-win32-x64-msvc-1.4.12.tgz#50e313d906b8c3d107a7639ea6fbf8156e82c894"
  integrity sha512-3A4qMtddBDbtprV5edTB/SgJn9L+X5TL7RGgS3eWtEgn/NG8gA80X/scjf1v2MMeOsrcxiYhnemI2gXCKuQN2g==

"@swc/core@^1.4.12":
  version "1.4.12"
  resolved "https://registry.yarnpkg.com/@swc/core/-/core-1.4.12.tgz#72350b3d44187b33980c159d9481f7e47816386b"
  integrity sha512-QljRxTaUajSLB9ui93cZ38/lmThwIw/BPxjn+TphrYN6LPU3vu9/ykjgHtlpmaXDDcngL4K5i396E7iwwEUxYg==
  dependencies:
    "@swc/counter" "^0.1.2"
    "@swc/types" "^0.1.5"
  optionalDependencies:
    "@swc/core-darwin-arm64" "1.4.12"
    "@swc/core-darwin-x64" "1.4.12"
    "@swc/core-linux-arm-gnueabihf" "1.4.12"
    "@swc/core-linux-arm64-gnu" "1.4.12"
    "@swc/core-linux-arm64-musl" "1.4.12"
    "@swc/core-linux-x64-gnu" "1.4.12"
    "@swc/core-linux-x64-musl" "1.4.12"
    "@swc/core-win32-arm64-msvc" "1.4.12"
    "@swc/core-win32-ia32-msvc" "1.4.12"
    "@swc/core-win32-x64-msvc" "1.4.12"

"@swc/counter@^0.1.2", "@swc/counter@^0.1.3":
  version "0.1.3"
  resolved "https://registry.yarnpkg.com/@swc/counter/-/counter-0.1.3.tgz#cc7463bd02949611c6329596fccd2b0ec782b0e9"
  integrity sha512-e2BR4lsJkkRlKZ/qCHPw9ZaSxc0MVUd7gtbtaB7aMvHeJVYe8sOB8DBZkP2DtISHGSku9sCK6T6cnY0CtXrOCQ==

"@swc/types@^0.1.5":
  version "0.1.6"
  resolved "https://registry.yarnpkg.com/@swc/types/-/types-0.1.6.tgz#2f13f748995b247d146de2784d3eb7195410faba"
  integrity sha512-/JLo/l2JsT/LRd80C3HfbmVpxOAJ11FO2RCEslFrgzLltoP9j8XIbsyDcfCt2WWyX+CM96rBoNM+IToAkFOugg==
  dependencies:
    "@swc/counter" "^0.1.3"

"@ton/core@^0.56.3":
  version "0.56.3"
  resolved "https://registry.yarnpkg.com/@ton/core/-/core-0.56.3.tgz#1162764573abb76032eba70f8497e5cb2ea532ee"
  integrity sha512-HVkalfqw8zqLLPehtq0CNhu5KjVzc7IrbDwDHPjGoOSXmnqSobiWj8a5F+YuWnZnEbQKtrnMGNOOjVw4LG37rg==
  dependencies:
    symbol.inspect "1.0.1"

"@ton/crypto-primitives@2.0.0":
  version "2.0.0"
  resolved "https://registry.yarnpkg.com/@ton/crypto-primitives/-/crypto-primitives-2.0.0.tgz#446256146d64fcec6e3f21d9f40b5148640329cc"
  integrity sha512-wttiNClmGbI6Dfy/8oyNnsIV0b/qYkCJz4Gn4eP62lJZzMtVQ94Ko7nikDX1EfYHkLI1xpOitWpW+8ZuG6XtDg==
  dependencies:
    jssha "3.2.0"

"@ton/crypto@^3.2.0":
  version "3.2.0"
  resolved "https://registry.yarnpkg.com/@ton/crypto/-/crypto-3.2.0.tgz#8fcb36cc93eafd05249c847d1f4ad39cf2565e46"
  integrity sha512-50RkwReEuV2FkxSZ8ht/x9+n0ZGtwRKGsJ0ay4I/HFhkYVG/awIIBQeH0W4j8d5lADdO5h01UtX8PJ8AjiejjA==
  dependencies:
    "@ton/crypto-primitives" "2.0.0"
    jssha "3.2.0"
    tweetnacl "1.0.3"

"@ton/ton@^13.11.1":
  version "13.11.1"
  resolved "https://registry.yarnpkg.com/@ton/ton/-/ton-13.11.1.tgz#d72169a6a5bf7fce6e556126c56391139442b1e2"
  integrity sha512-tcLdHzwhS5bmS0EGstcmfYK0ZeRrNz1AUIzUGKq/Xh0MGEwfP1qZBMloGGHLQnyZdRQ1D7Wx4g4mBKNrvG6DcQ==
  dependencies:
    axios "^1.6.7"
    dataloader "^2.0.0"
    symbol.inspect "1.0.1"
    teslabot "^1.3.0"
    zod "^3.21.4"

"@tsconfig/node10@^1.0.7":
  version "1.0.11"
  resolved "https://registry.yarnpkg.com/@tsconfig/node10/-/node10-1.0.11.tgz#6ee46400685f130e278128c7b38b7e031ff5b2f2"
  integrity sha512-DcRjDCujK/kCk/cUe8Xz8ZSpm8mS3mNNpta+jGCA6USEDfktlNvm1+IuZ9eTcDbNk41BHwpHHeW+N1lKCz4zOw==

"@tsconfig/node12@^1.0.7":
  version "1.0.11"
  resolved "https://registry.yarnpkg.com/@tsconfig/node12/-/node12-1.0.11.tgz#ee3def1f27d9ed66dac6e46a295cffb0152e058d"
  integrity sha512-cqefuRsh12pWyGsIoBKJA9luFu3mRxCA+ORZvA4ktLSzIuCUtWVxGIuXigEwO5/ywWFMZ2QEGKWvkZG1zDMTag==

"@tsconfig/node14@^1.0.0":
  version "1.0.3"
  resolved "https://registry.yarnpkg.com/@tsconfig/node14/-/node14-1.0.3.tgz#e4386316284f00b98435bf40f72f75a09dabf6c1"
  integrity sha512-ysT8mhdixWK6Hw3i1V2AeRqZ5WfXg1G43mqoYlM2nc6388Fq5jcXyr5mRsqViLx/GJYdoL0bfXD8nmF+Zn/Iow==

"@tsconfig/node16@^1.0.2":
  version "1.0.4"
  resolved "https://registry.yarnpkg.com/@tsconfig/node16/-/node16-1.0.4.tgz#0b92dcc0cc1c81f6f306a381f28e31b1a56536e9"
  integrity sha512-vxhUy4J8lyeyinH7Azl1pdd43GJhZH/tP2weN8TntQblOY+A0XbT8DJk1/oCPuOOyg/Ja757rG0CgHcWC8OfMA==

"@types/node@^20.12.5":
  version "20.12.5"
  resolved "https://registry.yarnpkg.com/@types/node/-/node-20.12.5.tgz#74c4f31ab17955d0b5808cdc8fd2839526ad00b3"
  integrity sha512-BD+BjQ9LS/D8ST9p5uqBxghlN+S42iuNxjsUGjeZobe/ciXzk2qb1B6IXc6AnRLS+yFJRpN2IPEHMzwspfDJNw==
  dependencies:
    undici-types "~5.26.4"

"@types/qrcode-terminal@^0.12.2":
  version "0.12.2"
  resolved "https://registry.yarnpkg.com/@types/qrcode-terminal/-/qrcode-terminal-0.12.2.tgz#8d7de3aa41f2d3c724bbc74a157ef3209abf8c75"
  integrity sha512-v+RcIEJ+Uhd6ygSQ0u5YYY7ZM+la7GgPbs0V/7l/kFs2uO4S8BcIUEMoP7za4DNIqNnUD5npf0A/7kBhrCKG5Q==

"@types/qs@^6.9.14":
  version "6.9.14"
  resolved "https://registry.yarnpkg.com/@types/qs/-/qs-6.9.14.tgz#169e142bfe493895287bee382af6039795e9b75b"
  integrity sha512-5khscbd3SwWMhFqylJBLQ0zIu7c1K6Vz0uBIt915BI3zV0q1nfjRQD3RqSBcPaO6PHEF4ov/t9y89fSiyThlPA==

acorn-walk@^8.1.1:
  version "8.3.2"
  resolved "https://registry.yarnpkg.com/acorn-walk/-/acorn-walk-8.3.2.tgz#7703af9415f1b6db9315d6895503862e231d34aa"
  integrity sha512-cjkyv4OtNCIeqhHrfS81QWXoCBPExR/J62oyEqepVw8WaQeSqpW2uhuLPh1m9eWhDuOo/jUXVTlifvesOWp/4A==

acorn@^8.4.1:
  version "8.11.3"
  resolved "https://registry.yarnpkg.com/acorn/-/acorn-8.11.3.tgz#71e0b14e13a4ec160724b38fb7b0f233b1b81d7a"
  integrity sha512-Y9rRfJG5jcKOE0CLisYbojUjIrIEE7AGMzA/Sm4BslANhbS+cDMpgBdcPT91oJ7OuJ9hYJBx59RjbhxVnrF8Xg==

arg@^4.1.0:
  version "4.1.3"
  resolved "https://registry.yarnpkg.com/arg/-/arg-4.1.3.tgz#269fc7ad5b8e42cb63c896d5666017261c144089"
  integrity sha512-58S9QDqG0Xx27YwPSt9fJxivjYl432YCwfDMfZ+71RAqUrZef7LrKQZ3LHLOwCS4FLNBplP533Zx895SeOCHvA==

asynckit@^0.4.0:
  version "0.4.0"
  resolved "https://registry.yarnpkg.com/asynckit/-/asynckit-0.4.0.tgz#c79ed97f7f34cb8f2ba1bc9790bcc366474b4b79"
  integrity sha512-Oei9OH4tRh0YqU3GxhX79dM/mwVgvbZJaSNaRk+bshkj0S5cfHcgYakreBjrHwatXKbz+IoIdYLxrKim2MjW0Q==

axios@^1.6.7:
  version "1.6.8"
  resolved "https://registry.yarnpkg.com/axios/-/axios-1.6.8.tgz#66d294951f5d988a00e87a0ffb955316a619ea66"
  integrity sha512-v/ZHtJDU39mDpyBoFVkETcd/uNdxrWRrg3bKpOKzXFA6Bvqopts6ALSMU3y6ijYxbw2B+wPrIv46egTzJXCLGQ==
  dependencies:
    follow-redirects "^1.15.6"
    form-data "^4.0.0"
    proxy-from-env "^1.1.0"

call-bind@^1.0.7:
  version "1.0.7"
  resolved "https://registry.yarnpkg.com/call-bind/-/call-bind-1.0.7.tgz#06016599c40c56498c18769d2730be242b6fa3b9"
  integrity sha512-GHTSNSYICQ7scH7sZ+M2rFopRoLh8t2bLSW6BbgrtLsahOIB5iyAVJf9GjWK3cYTDaMj4XdBpM1cA6pIS0Kv2w==
  dependencies:
    es-define-property "^1.0.0"
    es-errors "^1.3.0"
    function-bind "^1.1.2"
    get-intrinsic "^1.2.4"
    set-function-length "^1.2.1"

combined-stream@^1.0.8:
  version "1.0.8"
  resolved "https://registry.yarnpkg.com/combined-stream/-/combined-stream-1.0.8.tgz#c3d45a8b34fd730631a110a8a2520682b31d5a7f"
  integrity sha512-FQN4MRfuJeHf7cBbBMJFXhKSDq+2kAArBlmRBvcvFE5BB1HZKXtSFASDhdlz9zOYwxh8lDdnvmMOe/+5cdoEdg==
  dependencies:
    delayed-stream "~1.0.0"

create-require@^1.1.0:
  version "1.1.1"
  resolved "https://registry.yarnpkg.com/create-require/-/create-require-1.1.1.tgz#c1d7e8f1e5f6cfc9ff65f9cd352d37348756c333"
  integrity sha512-dcKFX3jn0MpIaXjisoRvexIJVEKzaq7z2rZKxf+MSr9TkdmHmsU4m2lcLojrj/FHl8mk5VxMmYA+ftRkP/3oKQ==

dataloader@^2.0.0:
  version "2.2.2"
  resolved "https://registry.yarnpkg.com/dataloader/-/dataloader-2.2.2.tgz#216dc509b5abe39d43a9b9d97e6e5e473dfbe3e0"
  integrity sha512-8YnDaaf7N3k/q5HnTJVuzSyLETjoZjVmHc4AeKAzOvKHEFQKcn64OKBfzHYtE9zGjctNM7V9I0MfnUVLpi7M5g==

define-data-property@^1.1.4:
  version "1.1.4"
  resolved "https://registry.yarnpkg.com/define-data-property/-/define-data-property-1.1.4.tgz#894dc141bb7d3060ae4366f6a0107e68fbe48c5e"
  integrity sha512-rBMvIzlpA8v6E+SJZoo++HAYqsLrkg7MSfIinMPFhmkorw7X+dOXVJQs+QT69zGkzMyfDnIMN2Wid1+NbL3T+A==
  dependencies:
    es-define-property "^1.0.0"
    es-errors "^1.3.0"
    gopd "^1.0.1"

delayed-stream@~1.0.0:
  version "1.0.0"
  resolved "https://registry.yarnpkg.com/delayed-stream/-/delayed-stream-1.0.0.tgz#df3ae199acadfb7d440aaae0b29e2272b24ec619"
  integrity sha512-ZySD7Nf91aLB0RxL4KGrKHBXl7Eds1DAmEdcoVawXnLD7SDhpNgtuII2aAkg7a7QS41jxPSZ17p4VdGnMHk3MQ==

diff@^4.0.1:
  version "4.0.2"
  resolved "https://registry.yarnpkg.com/diff/-/diff-4.0.2.tgz#60f3aecb89d5fae520c11aa19efc2bb982aade7d"
  integrity sha512-58lmxKSA4BNyLz+HHMUzlOEpg09FV+ev6ZMe3vJihgdxzgcwZ8VoEEPmALCZG9LmqfVoNMMKpttIYTVG6uDY7A==

es-define-property@^1.0.0:
  version "1.0.0"
  resolved "https://registry.yarnpkg.com/es-define-property/-/es-define-property-1.0.0.tgz#c7faefbdff8b2696cf5f46921edfb77cc4ba3845"
  integrity sha512-jxayLKShrEqqzJ0eumQbVhTYQM27CfT1T35+gCgDFoL82JLsXqTJ76zv6A0YLOgEnLUMvLzsDsGIrl8NFpT2gQ==
  dependencies:
    get-intrinsic "^1.2.4"

es-errors@^1.3.0:
  version "1.3.0"
  resolved "https://registry.yarnpkg.com/es-errors/-/es-errors-1.3.0.tgz#05f75a25dab98e4fb1dcd5e1472c0546d5057c8f"
  integrity sha512-Zf5H2Kxt2xjTvbJvP2ZWLEICxA6j+hAmMzIlypy4xcBg1vKVnx89Wy0GbS+kf5cwCVFFzdCFh2XSCFNULS6csw==

follow-redirects@^1.15.6:
  version "1.15.6"
  resolved "https://registry.yarnpkg.com/follow-redirects/-/follow-redirects-1.15.6.tgz#7f815c0cda4249c74ff09e95ef97c23b5fd0399b"
  integrity sha512-wWN62YITEaOpSK584EZXJafH1AGpO8RVgElfkuXbTOrPX4fIfOyEpW/CsiNd8JdYrAoOvafRTOEnvsO++qCqFA==

form-data@^4.0.0:
  version "4.0.0"
  resolved "https://registry.yarnpkg.com/form-data/-/form-data-4.0.0.tgz#93919daeaf361ee529584b9b31664dc12c9fa452"
  integrity sha512-ETEklSGi5t0QMZuiXoA/Q6vcnxcLQP5vdugSpuAyi6SVGi2clPPp+xgEhuMaHC+zGgn31Kd235W35f7Hykkaww==
  dependencies:
    asynckit "^0.4.0"
    combined-stream "^1.0.8"
    mime-types "^2.1.12"

function-bind@^1.1.2:
  version "1.1.2"
  resolved "https://registry.yarnpkg.com/function-bind/-/function-bind-1.1.2.tgz#2c02d864d97f3ea6c8830c464cbd11ab6eab7a1c"
  integrity sha512-7XHNxH7qX9xG5mIwxkhumTox/MIRNcOgDrxWsMt2pAr23WHp6MrRlN7FBSFpCpr+oVO0F744iUgR82nJMfG2SA==

get-intrinsic@^1.1.3, get-intrinsic@^1.2.4:
  version "1.2.4"
  resolved "https://registry.yarnpkg.com/get-intrinsic/-/get-intrinsic-1.2.4.tgz#e385f5a4b5227d449c3eabbad05494ef0abbeadd"
  integrity sha512-5uYhsJH8VJBTv7oslg4BznJYhDoRI6waYCxMmCdnTrcCrHA/fCFKoTFz2JKKE0HdDFUF7/oQuhzumXJK7paBRQ==
  dependencies:
    es-errors "^1.3.0"
    function-bind "^1.1.2"
    has-proto "^1.0.1"
    has-symbols "^1.0.3"
    hasown "^2.0.0"

gopd@^1.0.1:
  version "1.0.1"
  resolved "https://registry.yarnpkg.com/gopd/-/gopd-1.0.1.tgz#29ff76de69dac7489b7c0918a5788e56477c332c"
  integrity sha512-d65bNlIadxvpb/A2abVdlqKqV563juRnZ1Wtk6s1sIR8uNsXR70xqIzVqxVf1eTqDunwT2MkczEeaezCKTZhwA==
  dependencies:
    get-intrinsic "^1.1.3"

has-property-descriptors@^1.0.2:
  version "1.0.2"
  resolved "https://registry.yarnpkg.com/has-property-descriptors/-/has-property-descriptors-1.0.2.tgz#963ed7d071dc7bf5f084c5bfbe0d1b6222586854"
  integrity sha512-55JNKuIW+vq4Ke1BjOTjM2YctQIvCT7GFzHwmfZPGo5wnrgkid0YQtnAleFSqumZm4az3n2BS+erby5ipJdgrg==
  dependencies:
    es-define-property "^1.0.0"

has-proto@^1.0.1:
  version "1.0.3"
  resolved "https://registry.yarnpkg.com/has-proto/-/has-proto-1.0.3.tgz#b31ddfe9b0e6e9914536a6ab286426d0214f77fd"
  integrity sha512-SJ1amZAJUiZS+PhsVLf5tGydlaVB8EdFpaSO4gmiUKUOxk8qzn5AIy4ZeJUmh22znIdk/uMAUT2pl3FxzVUH+Q==

has-symbols@^1.0.3:
  version "1.0.3"
  resolved "https://registry.yarnpkg.com/has-symbols/-/has-symbols-1.0.3.tgz#bb7b2c4349251dce87b125f7bdf874aa7c8b39f8"
  integrity sha512-l3LCuF6MgDNwTDKkdYGEihYjt5pRPbEg46rtlmnSPlUbgmB8LOIrKJbYYFBSbnPaJexMKtiPO8hmeRjRz2Td+A==

hasown@^2.0.0:
  version "2.0.2"
  resolved "https://registry.yarnpkg.com/hasown/-/hasown-2.0.2.tgz#003eaf91be7adc372e84ec59dc37252cedb80003"
  integrity sha512-0hJU9SCPvmMzIBdZFqNPXWa6dqh7WdH0cII9y+CyS8rG3nL48Bclra9HmKhVVUHyPWNH5Y7xDwAB7bfgSjkUMQ==
  dependencies:
    function-bind "^1.1.2"

jssha@3.2.0:
  version "3.2.0"
  resolved "https://registry.yarnpkg.com/jssha/-/jssha-3.2.0.tgz#88ec50b866dd1411deaddbe6b3e3692e4c710f16"
  integrity sha512-QuruyBENDWdN4tZwJbQq7/eAK85FqrI4oDbXjy5IBhYD+2pTJyBUWZe8ctWaCkrV0gy6AaelgOZZBMeswEa/6Q==

make-error@^1.1.1:
  version "1.3.6"
  resolved "https://registry.yarnpkg.com/make-error/-/make-error-1.3.6.tgz#2eb2e37ea9b67c4891f684a1394799af484cf7a2"
  integrity sha512-s8UhlNe7vPKomQhC1qFelMokr/Sc3AgNbso3n74mVPA5LTZwkB9NlXf4XPamLxJE8h0gh73rM94xvwRT2CVInw==

mime-db@1.52.0:
  version "1.52.0"
  resolved "https://registry.yarnpkg.com/mime-db/-/mime-db-1.52.0.tgz#bbabcdc02859f4987301c856e3387ce5ec43bf70"
  integrity sha512-sPU4uV7dYlvtWJxwwxHD0PuihVNiE7TyAbQ5SWxDCB9mUYvOgroQOwYQQOKPJ8CIbE+1ETVlOoK1UC2nU3gYvg==

mime-types@^2.1.12:
  version "2.1.35"
  resolved "https://registry.yarnpkg.com/mime-types/-/mime-types-2.1.35.tgz#381a871b62a734450660ae3deee44813f70d959a"
  integrity sha512-ZDY+bPm5zTTF+YpCrAU9nK0UgICYPT0QtT1NZWFv4s++TNkcgVaT0g6+4R2uI4MjQjzysHB1zxuWL50hzaeXiw==
  dependencies:
    mime-db "1.52.0"

object-inspect@^1.13.1:
  version "1.13.1"
  resolved "https://registry.yarnpkg.com/object-inspect/-/object-inspect-1.13.1.tgz#b96c6109324ccfef6b12216a956ca4dc2ff94bc2"
  integrity sha512-5qoj1RUiKOMsCCNLV1CBiPYE10sziTsnmNxkAI/rZhiD63CF7IqdFGC/XzjWjpSgLf0LxXX3bDFIh0E18f6UhQ==

proxy-from-env@^1.1.0:
  version "1.1.0"
  resolved "https://registry.yarnpkg.com/proxy-from-env/-/proxy-from-env-1.1.0.tgz#e102f16ca355424865755d2c9e8ea4f24d58c3e2"
  integrity sha512-D+zkORCbA9f1tdWRK0RaCR3GPv50cMxcrz4X8k5LTSUD1Dkw47mKJEZQNunItRTkWwgtaUSo1RVFRIG9ZXiFYg==

qrcode-terminal@^0.12.0:
  version "0.12.0"
  resolved "https://registry.yarnpkg.com/qrcode-terminal/-/qrcode-terminal-0.12.0.tgz#bb5b699ef7f9f0505092a3748be4464fe71b5819"
  integrity sha512-EXtzRZmC+YGmGlDFbXKxQiMZNwCLEO6BANKXG4iCtSIM0yqc/pappSx3RIKr4r0uh5JsBckOXeKrB3Iz7mdQpQ==

qs@^6.12.0:
  version "6.12.0"
  resolved "https://registry.yarnpkg.com/qs/-/qs-6.12.0.tgz#edd40c3b823995946a8a0b1f208669c7a200db77"
  integrity sha512-trVZiI6RMOkO476zLGaBIzszOdFPnCCXHPG9kn0yuS1uz6xdVxPfZdB3vUig9pxPFDM9BRAgz/YUIVQ1/vuiUg==
  dependencies:
    side-channel "^1.0.6"

set-function-length@^1.2.1:
  version "1.2.2"
  resolved "https://registry.yarnpkg.com/set-function-length/-/set-function-length-1.2.2.tgz#aac72314198eaed975cf77b2c3b6b880695e5449"
  integrity sha512-pgRc4hJ4/sNjWCSS9AmnS40x3bNMDTknHgL5UaMBTMyJnU90EgWh1Rz+MC9eFu4BuN/UwZjKQuY/1v3rM7HMfg==
  dependencies:
    define-data-property "^1.1.4"
    es-errors "^1.3.0"
    function-bind "^1.1.2"
    get-intrinsic "^1.2.4"
    gopd "^1.0.1"
    has-property-descriptors "^1.0.2"

side-channel@^1.0.6:
  version "1.0.6"
  resolved "https://registry.yarnpkg.com/side-channel/-/side-channel-1.0.6.tgz#abd25fb7cd24baf45466406b1096b7831c9215f2"
  integrity sha512-fDW/EZ6Q9RiO8eFG8Hj+7u/oW+XrPTIChwCOM2+th2A6OblDtYYIpve9m+KvI9Z4C9qSEXlaGR6bTEYHReuglA==
  dependencies:
    call-bind "^1.0.7"
    es-errors "^1.3.0"
    get-intrinsic "^1.2.4"
    object-inspect "^1.13.1"

symbol.inspect@1.0.1:
  version "1.0.1"
  resolved "https://registry.yarnpkg.com/symbol.inspect/-/symbol.inspect-1.0.1.tgz#e13125b8038c4996eb0dfa1567332ad4dcd0763f"
  integrity sha512-YQSL4duoHmLhsTD1Pw8RW6TZ5MaTX5rXJnqacJottr2P2LZBF/Yvrc3ku4NUpMOm8aM0KOCqM+UAkMA5HWQCzQ==

teslabot@^1.3.0:
  version "1.5.0"
  resolved "https://registry.yarnpkg.com/teslabot/-/teslabot-1.5.0.tgz#70f544516699ca5f696d8ae94f3d12cd495d5cd6"
  integrity sha512-e2MmELhCgrgZEGo7PQu/6bmYG36IDH+YrBI1iGm6jovXkeDIGa3pZ2WSqRjzkuw2vt1EqfkZoV5GpXgqL8QJVg==

ts-node@^10.9.2:
  version "10.9.2"
  resolved "https://registry.yarnpkg.com/ts-node/-/ts-node-10.9.2.tgz#70f021c9e185bccdca820e26dc413805c101c71f"
  integrity sha512-f0FFpIdcHgn8zcPSbf1dRevwt047YMnaiJM3u2w2RewrB+fob/zePZcrOyQoLMMO7aBIddLcQIEK5dYjkLnGrQ==
  dependencies:
    "@cspotcode/source-map-support" "^0.8.0"
    "@tsconfig/node10" "^1.0.7"
    "@tsconfig/node12" "^1.0.7"
    "@tsconfig/node14" "^1.0.0"
    "@tsconfig/node16" "^1.0.2"
    acorn "^8.4.1"
    acorn-walk "^8.1.1"
    arg "^4.1.0"
    create-require "^1.1.0"
    diff "^4.0.1"
    make-error "^1.1.1"
    v8-compile-cache-lib "^3.0.1"
    yn "3.1.1"

tweetnacl@1.0.3:
  version "1.0.3"
  resolved "https://registry.yarnpkg.com/tweetnacl/-/tweetnacl-1.0.3.tgz#ac0af71680458d8a6378d0d0d050ab1407d35596"
  integrity sha512-6rt+RN7aOi1nGMyC4Xa5DdYiukl2UWCbcJft7YhxReBGQD7OAM8Pbxw6YMo4r2diNEA8FEmu32YOn9rhaiE5yw==

typescript@^5.4.4:
  version "5.4.4"
  resolved "https://registry.yarnpkg.com/typescript/-/typescript-5.4.4.tgz#eb2471e7b0a5f1377523700a21669dce30c2d952"
  integrity sha512-dGE2Vv8cpVvw28v8HCPqyb08EzbBURxDpuhJvTrusShUfGnhHBafDsLdS1EhhxyL6BJQE+2cT3dDPAv+MQ6oLw==

undici-types@~5.26.4:
  version "5.26.5"
  resolved "https://registry.yarnpkg.com/undici-types/-/undici-types-5.26.5.tgz#bcd539893d00b56e964fd2657a4866b221a65617"
  integrity sha512-JlCMO+ehdEIKqlFxk6IfVoAUVmgz7cU7zD/h9XZ0qzeosSHmUJVOzSQvvYSYWXkFXC+IfLKSIffhv0sVZup6pA==

v8-compile-cache-lib@^3.0.1:
  version "3.0.1"
  resolved "https://registry.yarnpkg.com/v8-compile-cache-lib/-/v8-compile-cache-lib-3.0.1.tgz#6336e8d71965cb3d35a1bbb7868445a7c05264bf"
  integrity sha512-wa7YjyUGfNZngI/vtK0UHAN+lgDCxBPCylVXGp0zu59Fz5aiGtNXaq3DhIov063MorB+VfufLh3JlF2KdTK3xg==

yn@3.1.1:
  version "3.1.1"
  resolved "https://registry.yarnpkg.com/yn/-/yn-3.1.1.tgz#1e87401a09d767c1d5eab26a6e4c185182d2eb50"
  integrity sha512-Ux4ygGWsu2c7isFWe8Yu1YluJmqVhxqK2cLXNQA5AcC3QfbGNpM7fu0Y8b/z16pXLnFxZYvWhd3fhBY9DLmC6Q==

zod@^3.21.4:
  version "3.22.4"
  resolved "https://registry.yarnpkg.com/zod/-/zod-3.22.4.tgz#f31c3a9386f61b1f228af56faa9255e845cf3fff"
  integrity sha512-iC+8Io04lddc+mVqQ9AZ7OQ2MrUKGN+oIQyq1vemgt46jwCwLfhq7/pwnBnNXXXZb8VTVLKwp9EDkx+ryxIWmg==
